// !$*UTF8*$!
{
	archiveVersion = 1;
	classes = {
	};
	objectVersion = 46;
	objects = {

/* Begin PBXCopyFilesBuildPhase section */
		916F259516D3BC1E00F7F36A /* CopyFiles */ = {
			isa = PBXCopyFilesBuildPhase;
			buildActionMask = 2147483647;
			dstPath = /usr/share/man/man1/;
			dstSubfolderSpec = 0;
			files = (
			);
			runOnlyForDeploymentPostprocessing = 1;
		};
/* End PBXCopyFilesBuildPhase section */

/* Begin PBXFileReference section */
		9104345016D49871001D2182 /* helloWorld.cpp */ = {isa = PBXFileReference; fileEncoding = 4; lastKnownFileType = sourcecode.cpp.cpp; path = helloWorld.cpp; sourceTree = "<group>"; };
		910B920F16DC7DDD00F93467 /* structures.cpp */ = {isa = PBXFileReference; fileEncoding = 4; lastKnownFileType = sourcecode.cpp.cpp; path = structures.cpp; sourceTree = "<group>"; };
		9139D8FF16D99EF5007D8B0C /* forLoop.cpp */ = {isa = PBXFileReference; fileEncoding = 4; lastKnownFileType = sourcecode.cpp.cpp; path = forLoop.cpp; sourceTree = "<group>"; };
		9139D90416D99FB8007D8B0C /* whileLoop.cpp */ = {isa = PBXFileReference; fileEncoding = 4; lastKnownFileType = sourcecode.cpp.cpp; path = whileLoop.cpp; sourceTree = "<group>"; };
		9139D90716D9A01D007D8B0C /* doWhileLoop.cpp */ = {isa = PBXFileReference; fileEncoding = 4; lastKnownFileType = sourcecode.cpp.cpp; path = doWhileLoop.cpp; sourceTree = "<group>"; };
		9139D90B16D9A2F9007D8B0C /* functions.cpp */ = {isa = PBXFileReference; fileEncoding = 4; lastKnownFileType = sourcecode.cpp.cpp; path = functions.cpp; sourceTree = "<group>"; };
		9139D90F16D9A74D007D8B0C /* switchCase.cpp */ = {isa = PBXFileReference; fileEncoding = 4; lastKnownFileType = sourcecode.cpp.cpp; path = switchCase.cpp; sourceTree = "<group>"; };
		9139D91316D9AEC3007D8B0C /* pointers.cpp */ = {isa = PBXFileReference; fileEncoding = 4; lastKnownFileType = sourcecode.cpp.cpp; path = pointers.cpp; sourceTree = "<group>"; };
		916F259716D3BC1E00F7F36A /* LearningCpp */ = {isa = PBXFileReference; explicitFileType = "compiled.mach-o.executable"; includeInIndex = 0; path = LearningCpp; sourceTree = BUILT_PRODUCTS_DIR; };
		9183BF8F16D99A480034D219 /* ifStatement.cpp */ = {isa = PBXFileReference; fileEncoding = 4; lastKnownFileType = sourcecode.cpp.cpp; path = ifStatement.cpp; sourceTree = "<group>"; };
		9183BF9216D99AB30034D219 /* input.cpp */ = {isa = PBXFileReference; fileEncoding = 4; lastKnownFileType = sourcecode.cpp.cpp; path = input.cpp; sourceTree = "<group>"; };
/* End PBXFileReference section */

/* Begin PBXFrameworksBuildPhase section */
		916F259416D3BC1E00F7F36A /* Frameworks */ = {
			isa = PBXFrameworksBuildPhase;
			buildActionMask = 2147483647;
			files = (
			);
			runOnlyForDeploymentPostprocessing = 0;
		};
/* End PBXFrameworksBuildPhase section */

/* Begin PBXGroup section */
		910B920E16DC7AEF00F93467 /* lesson7 */ = {
			isa = PBXGroup;
			children = (
				910B920F16DC7DDD00F93467 /* structures.cpp */,
			);
			name = lesson7;
			sourceTree = "<group>";
		};
		910B921216DC7E9000F93467 /* lesson9 */ = {
			isa = PBXGroup;
			children = (
			);
			name = lesson9;
			sourceTree = "<group>";
		};
		9139D8FE16D99EDF007D8B0C /* lesson3 */ = {
			isa = PBXGroup;
			children = (
				9139D8FF16D99EF5007D8B0C /* forLoop.cpp */,
				9139D90416D99FB8007D8B0C /* whileLoop.cpp */,
				9139D90716D9A01D007D8B0C /* doWhileLoop.cpp */,
			);
			name = lesson3;
			sourceTree = "<group>";
		};
		9139D90A16D9A168007D8B0C /* lesson4 */ = {
			isa = PBXGroup;
			children = (
				9139D90B16D9A2F9007D8B0C /* functions.cpp */,
			);
			name = lesson4;
			sourceTree = "<group>";
		};
		9139D90E16D9A739007D8B0C /* lesson5 */ = {
			isa = PBXGroup;
			children = (
				9139D90F16D9A74D007D8B0C /* switchCase.cpp */,
			);
			name = lesson5;
			sourceTree = "<group>";
		};
		9139D91216D9AEAF007D8B0C /* lesson6 */ = {
			isa = PBXGroup;
			children = (
				9139D91316D9AEC3007D8B0C /* pointers.cpp */,
			);
			name = lesson6;
			sourceTree = "<group>";
		};
		915FCC1016D497CD00F943BD /* lesson1 */ = {
			isa = PBXGroup;
			children = (
				9104345016D49871001D2182 /* helloWorld.cpp */,
				9183BF9216D99AB30034D219 /* input.cpp */,
			);
			name = lesson1;
			sourceTree = "<group>";
		};
		916F258E16D3BC1E00F7F36A = {
			isa = PBXGroup;
			children = (
				916F259916D3BC1E00F7F36A /* LearningCpp */,
				916F259816D3BC1E00F7F36A /* Products */,
			);
			sourceTree = "<group>";
		};
		916F259816D3BC1E00F7F36A /* Products */ = {
			isa = PBXGroup;
			children = (
				916F259716D3BC1E00F7F36A /* LearningCpp */,
			);
			name = Products;
			sourceTree = "<group>";
		};
		916F259916D3BC1E00F7F36A /* LearningCpp */ = {
			isa = PBXGroup;
			children = (
				910B921216DC7E9000F93467 /* lesson9 */,
				910B920E16DC7AEF00F93467 /* lesson7 */,
				9139D91216D9AEAF007D8B0C /* lesson6 */,
				9139D90E16D9A739007D8B0C /* lesson5 */,
				9139D90A16D9A168007D8B0C /* lesson4 */,
				9139D8FE16D99EDF007D8B0C /* lesson3 */,
				91A6DE5316D98E7500545E0E /* lesson2 */,
				915FCC1016D497CD00F943BD /* lesson1 */,
			);
			path = LearningCpp;
			sourceTree = "<group>";
		};
		91A6DE5316D98E7500545E0E /* lesson2 */ = {
			isa = PBXGroup;
			children = (
				9183BF8F16D99A480034D219 /* ifStatement.cpp */,
			);
			name = lesson2;
			sourceTree = "<group>";
		};
/* End PBXGroup section */

/* Begin PBXNativeTarget section */
		916F259616D3BC1E00F7F36A /* LearningCpp */ = {
			isa = PBXNativeTarget;
			buildConfigurationList = 916F25A016D3BC1E00F7F36A /* Build configuration list for PBXNativeTarget "LearningCpp" */;
			buildPhases = (
				916F259316D3BC1E00F7F36A /* Sources */,
				916F259416D3BC1E00F7F36A /* Frameworks */,
				916F259516D3BC1E00F7F36A /* CopyFiles */,
			);
			buildRules = (
			);
			dependencies = (
			);
			name = LearningCpp;
			productName = LearningCpp;
			productReference = 916F259716D3BC1E00F7F36A /* LearningCpp */;
			productType = "com.apple.product-type.tool";
		};
/* End PBXNativeTarget section */

/* Begin PBXProject section */
		916F258F16D3BC1E00F7F36A /* Project object */ = {
			isa = PBXProject;
			attributes = {
				LastUpgradeCheck = 0460;
				ORGANIZATIONNAME = "Ross Miller";
			};
			buildConfigurationList = 916F259216D3BC1E00F7F36A /* Build configuration list for PBXProject "LearningCpp" */;
			compatibilityVersion = "Xcode 3.2";
			developmentRegion = English;
			hasScannedForEncodings = 0;
			knownRegions = (
				en,
			);
			mainGroup = 916F258E16D3BC1E00F7F36A;
			productRefGroup = 916F259816D3BC1E00F7F36A /* Products */;
			projectDirPath = "";
			projectRoot = "";
			targets = (
				916F259616D3BC1E00F7F36A /* LearningCpp */,
			);
		};
/* End PBXProject section */

/* Begin PBXSourcesBuildPhase section */
		916F259316D3BC1E00F7F36A /* Sources */ = {
			isa = PBXSourcesBuildPhase;
			buildActionMask = 2147483647;
			files = (
			);
			runOnlyForDeploymentPostprocessing = 0;
		};
/* End PBXSourcesBuildPhase section */

/* Begin XCBuildConfiguration section */
		916F259E16D3BC1E00F7F36A /* Debug */ = {
			isa = XCBuildConfiguration;
			buildSettings = {
				ALWAYS_SEARCH_USER_PATHS = NO;
				ARCHS = "$(ARCHS_STANDARD_64_BIT)";
				CLANG_CXX_LANGUAGE_STANDARD = "gnu++0x";
				CLANG_CXX_LIBRARY = "libc++";
				CLANG_ENABLE_OBJC_ARC = YES;
				CLANG_WARN_CONSTANT_CONVERSION = YES;
				CLANG_WARN_EMPTY_BODY = YES;
				CLANG_WARN_ENUM_CONVERSION = YES;
				CLANG_WARN_INT_CONVERSION = YES;
				CLANG_WARN__DUPLICATE_METHOD_MATCH = YES;
				COPY_PHASE_STRIP = NO;
				GCC_C_LANGUAGE_STANDARD = gnu99;
				GCC_DYNAMIC_NO_PIC = NO;
				GCC_ENABLE_OBJC_EXCEPTIONS = YES;
				GCC_OPTIMIZATION_LEVEL = 0;
				GCC_PREPROCESSOR_DEFINITIONS = (
					"DEBUG=1",
					"$(inherited)",
				);
				GCC_SYMBOLS_PRIVATE_EXTERN = NO;
				GCC_WARN_64_TO_32_BIT_CONVERSION = YES;
				GCC_WARN_ABOUT_RETURN_TYPE = YES;
				GCC_WARN_UNINITIALIZED_AUTOS = YES;
				GCC_WARN_UNUSED_VARIABLE = YES;
				MACOSX_DEPLOYMENT_TARGET = 10.8;
				ONLY_ACTIVE_ARCH = YES;
				SDKROOT = macosx;
			};
			name = Debug;
		};
		916F259F16D3BC1E00F7F36A /* Release */ = {
			isa = XCBuildConfiguration;
			buildSettings = {
				ALWAYS_SEARCH_USER_PATHS = NO;
				ARCHS = "$(ARCHS_STANDARD_64_BIT)";
				CLANG_CXX_LANGUAGE_STANDARD = "gnu++0x";
				CLANG_CXX_LIBRARY = "libc++";
				CLANG_ENABLE_OBJC_ARC = YES;
				CLANG_WARN_CONSTANT_CONVERSION = YES;
				CLANG_WARN_EMPTY_BODY = YES;
				CLANG_WARN_ENUM_CONVERSION = YES;
				CLANG_WARN_INT_CONVERSION = YES;
				CLANG_WARN__DUPLICATE_METHOD_MATCH = YES;
				COPY_PHASE_STRIP = YES;
				DEBUG_INFORMATION_FORMAT = "dwarf-with-dsym";
				GCC_C_LANGUAGE_STANDARD = gnu99;
				GCC_ENABLE_OBJC_EXCEPTIONS = YES;
				GCC_WARN_64_TO_32_BIT_CONVERSION = YES;
				GCC_WARN_ABOUT_RETURN_TYPE = YES;
				GCC_WARN_UNINITIALIZED_AUTOS = YES;
				GCC_WARN_UNUSED_VARIABLE = YES;
				MACOSX_DEPLOYMENT_TARGET = 10.8;
				SDKROOT = macosx;
			};
			name = Release;
		};
		916F25A116D3BC1E00F7F36A /* Debug */ = {
			isa = XCBuildConfiguration;
			buildSettings = {
				PRODUCT_NAME = "$(TARGET_NAME)";
			};
			name = Debug;
		};
		916F25A216D3BC1E00F7F36A /* Release */ = {
			isa = XCBuildConfiguration;
			buildSettings = {
				PRODUCT_NAME = "$(TARGET_NAME)";
			};
			name = Release;
		};
/* End XCBuildConfiguration section */

/* Begin XCConfigurationList section */
		916F259216D3BC1E00F7F36A /* Build configuration list for PBXProject "LearningCpp" */ = {
			isa = XCConfigurationList;
			buildConfigurations = (
				916F259E16D3BC1E00F7F36A /* Debug */,
				916F259F16D3BC1E00F7F36A /* Release */,
			);
			defaultConfigurationIsVisible = 0;
			defaultConfigurationName = Release;
		};
		916F25A016D3BC1E00F7F36A /* Build configuration list for PBXNativeTarget "LearningCpp" */ = {
			isa = XCConfigurationList;
			buildConfigurations = (
				916F25A116D3BC1E00F7F36A /* Debug */,
				916F25A216D3BC1E00F7F36A /* Release */,
			);
			defaultConfigurationIsVisible = 0;
			defaultConfigurationName = Release;
		};
/* End XCConfigurationList section */
	};
	rootObject = 916F258F16D3BC1E00F7F36A /* Project object */;
}
